// !$*UTF8*$!
{
	archiveVersion = 1;
	classes = {
	};
	objectVersion = 60;
	objects = {

/* Begin PBXBuildFile section */
		A10000000000000000000101 /* /tmp/HeartStateLabWorkspace/Sources/Shared/HeartSignalModels.swift in Sources */ = {isa = PBXBuildFile; fileRef = A10000000000000000000201 /* /tmp/HeartStateLabWorkspace/Sources/Shared/HeartSignalModels.swift */; };
		A10000000000000000000102 /* /tmp/HeartStateLabWorkspace/Sources/Shared/SessionMetrics.swift in Sources */ = {isa = PBXBuildFile; fileRef = A10000000000000000000202 /* /tmp/HeartStateLabWorkspace/Sources/Shared/SessionMetrics.swift */; };
		A10000000000000000000103 /* /tmp/HeartStateLabWorkspace/Sources/Shared/SlidingHeartWindow.swift in Sources */ = {isa = PBXBuildFile; fileRef = A10000000000000000000203 /* /tmp/HeartStateLabWorkspace/Sources/Shared/SlidingHeartWindow.swift */; };
		A10000000000000000000104 /* /tmp/HeartStateLabWorkspace/Sources/Shared/StateEstimator.swift in Sources */ = {isa = PBXBuildFile; fileRef = A10000000000000000000204 /* /tmp/HeartStateLabWorkspace/Sources/Shared/StateEstimator.swift */; };
		A10000000000000000000105 /* /tmp/HeartStateLabWorkspace/Sources/iPhoneApp/WellnessPhoneApp.swift in Sources */ = {isa = PBXBuildFile; fileRef = A10000000000000000000211 /* /tmp/HeartStateLabWorkspace/Sources/iPhoneApp/WellnessPhoneApp.swift */; };
		A10000000000000000000106 /* /tmp/HeartStateLabWorkspace/Sources/iPhoneApp/HistoryStore.swift in Sources */ = {isa = PBXBuildFile; fileRef = A10000000000000000000212 /* /tmp/HeartStateLabWorkspace/Sources/iPhoneApp/HistoryStore.swift */; };
		A10000000000000000000107 /* /tmp/HeartStateLabWorkspace/Sources/iPhoneApp/HistoryView.swift in Sources */ = {isa = PBXBuildFile; fileRef = A10000000000000000000213 /* /tmp/HeartStateLabWorkspace/Sources/iPhoneApp/HistoryView.swift */; };
		A10000000000000000000108 /* /tmp/HeartStateLabWorkspace/Sources/iPhoneApp/SessionDetailView.swift in Sources */ = {isa = PBXBuildFile; fileRef = A10000000000000000000214 /* /tmp/HeartStateLabWorkspace/Sources/iPhoneApp/SessionDetailView.swift */; };
		A10000000000000000000109 /* /tmp/HeartStateLabWorkspace/Sources/Shared/HeartSignalModels.swift in Sources */ = {isa = PBXBuildFile; fileRef = A10000000000000000000201 /* /tmp/HeartStateLabWorkspace/Sources/Shared/HeartSignalModels.swift */; };
		A1000000000000000000010A /* /tmp/HeartStateLabWorkspace/Sources/Shared/SessionMetrics.swift in Sources */ = {isa = PBXBuildFile; fileRef = A10000000000000000000202 /* /tmp/HeartStateLabWorkspace/Sources/Shared/SessionMetrics.swift */; };
		A1000000000000000000010B /* /tmp/HeartStateLabWorkspace/Sources/Shared/SlidingHeartWindow.swift in Sources */ = {isa = PBXBuildFile; fileRef = A10000000000000000000203 /* /tmp/HeartStateLabWorkspace/Sources/Shared/SlidingHeartWindow.swift */; };
		A1000000000000000000010C /* /tmp/HeartStateLabWorkspace/Sources/Shared/StateEstimator.swift in Sources */ = {isa = PBXBuildFile; fileRef = A10000000000000000000204 /* /tmp/HeartStateLabWorkspace/Sources/Shared/StateEstimator.swift */; };
		A1000000000000000000010D /* /tmp/HeartStateLabWorkspace/Sources/WatchApp/ConnectivityBridge.swift in Sources */ = {isa = PBXBuildFile; fileRef = A10000000000000000000221 /* /tmp/HeartStateLabWorkspace/Sources/WatchApp/ConnectivityBridge.swift */; };
		A1000000000000000000010E /* /tmp/HeartStateLabWorkspace/Sources/WatchApp/MotionSignalProvider.swift in Sources */ = {isa = PBXBuildFile; fileRef = A10000000000000000000222 /* /tmp/HeartStateLabWorkspace/Sources/WatchApp/MotionSignalProvider.swift */; };
		A1000000000000000000010F /* /tmp/HeartStateLabWorkspace/Sources/WatchApp/SessionLogStore.swift in Sources */ = {isa = PBXBuildFile; fileRef = A10000000000000000000223 /* /tmp/HeartStateLabWorkspace/Sources/WatchApp/SessionLogStore.swift */; };
		A10000000000000000000110 /* /tmp/HeartStateLabWorkspace/Sources/WatchApp/WatchRootView.swift in Sources */ = {isa = PBXBuildFile; fileRef = A10000000000000000000224 /* /tmp/HeartStateLabWorkspace/Sources/WatchApp/WatchRootView.swift */; };
		A10000000000000000000111 /* /tmp/HeartStateLabWorkspace/Sources/WatchApp/WellnessWatchApp.swift in Sources */ = {isa = PBXBuildFile; fileRef = A10000000000000000000225 /* /tmp/HeartStateLabWorkspace/Sources/WatchApp/WellnessWatchApp.swift */; };
		A10000000000000000000112 /* /tmp/HeartStateLabWorkspace/Sources/WatchApp/WorkoutSessionManager.swift in Sources */ = {isa = PBXBuildFile; fileRef = A10000000000000000000226 /* /tmp/HeartStateLabWorkspace/Sources/WatchApp/WorkoutSessionManager.swift */; };
/* End PBXBuildFile section */

/* Begin PBXFileReference section */
		A10000000000000000000201 /* /tmp/HeartStateLabWorkspace/Sources/Shared/HeartSignalModels.swift */ = {isa = PBXFileReference; lastKnownFileType = sourcecode.swift; path = /tmp/HeartStateLabWorkspace/Sources/Shared/HeartSignalModels.swift; sourceTree = "<absolute>"; };
		A10000000000000000000202 /* /tmp/HeartStateLabWorkspace/Sources/Shared/SessionMetrics.swift */ = {isa = PBXFileReference; lastKnownFileType = sourcecode.swift; path = /tmp/HeartStateLabWorkspace/Sources/Shared/SessionMetrics.swift; sourceTree = "<absolute>"; };
		A10000000000000000000203 /* /tmp/HeartStateLabWorkspace/Sources/Shared/SlidingHeartWindow.swift */ = {isa = PBXFileReference; lastKnownFileType = sourcecode.swift; path = /tmp/HeartStateLabWorkspace/Sources/Shared/SlidingHeartWindow.swift; sourceTree = "<absolute>"; };
		A10000000000000000000204 /* /tmp/HeartStateLabWorkspace/Sources/Shared/StateEstimator.swift */ = {isa = PBXFileReference; lastKnownFileType = sourcecode.swift; path = /tmp/HeartStateLabWorkspace/Sources/Shared/StateEstimator.swift; sourceTree = "<absolute>"; };
		A10000000000000000000211 /* /tmp/HeartStateLabWorkspace/Sources/iPhoneApp/WellnessPhoneApp.swift */ = {isa = PBXFileReference; lastKnownFileType = sourcecode.swift; path = /tmp/HeartStateLabWorkspace/Sources/iPhoneApp/WellnessPhoneApp.swift; sourceTree = "<absolute>"; };
		A10000000000000000000212 /* /tmp/HeartStateLabWorkspace/Sources/iPhoneApp/HistoryStore.swift */ = {isa = PBXFileReference; lastKnownFileType = sourcecode.swift; path = /tmp/HeartStateLabWorkspace/Sources/iPhoneApp/HistoryStore.swift; sourceTree = "<absolute>"; };
		A10000000000000000000213 /* /tmp/HeartStateLabWorkspace/Sources/iPhoneApp/HistoryView.swift */ = {isa = PBXFileReference; lastKnownFileType = sourcecode.swift; path = /tmp/HeartStateLabWorkspace/Sources/iPhoneApp/HistoryView.swift; sourceTree = "<absolute>"; };
		A10000000000000000000214 /* /tmp/HeartStateLabWorkspace/Sources/iPhoneApp/SessionDetailView.swift */ = {isa = PBXFileReference; lastKnownFileType = sourcecode.swift; path = /tmp/HeartStateLabWorkspace/Sources/iPhoneApp/SessionDetailView.swift; sourceTree = "<absolute>"; };
		A10000000000000000000221 /* /tmp/HeartStateLabWorkspace/Sources/WatchApp/ConnectivityBridge.swift */ = {isa = PBXFileReference; lastKnownFileType = sourcecode.swift; path = /tmp/HeartStateLabWorkspace/Sources/WatchApp/ConnectivityBridge.swift; sourceTree = "<absolute>"; };
		A10000000000000000000222 /* /tmp/HeartStateLabWorkspace/Sources/WatchApp/MotionSignalProvider.swift */ = {isa = PBXFileReference; lastKnownFileType = sourcecode.swift; path = /tmp/HeartStateLabWorkspace/Sources/WatchApp/MotionSignalProvider.swift; sourceTree = "<absolute>"; };
		A10000000000000000000223 /* /tmp/HeartStateLabWorkspace/Sources/WatchApp/SessionLogStore.swift */ = {isa = PBXFileReference; lastKnownFileType = sourcecode.swift; path = /tmp/HeartStateLabWorkspace/Sources/WatchApp/SessionLogStore.swift; sourceTree = "<absolute>"; };
		A10000000000000000000224 /* /tmp/HeartStateLabWorkspace/Sources/WatchApp/WatchRootView.swift */ = {isa = PBXFileReference; lastKnownFileType = sourcecode.swift; path = /tmp/HeartStateLabWorkspace/Sources/WatchApp/WatchRootView.swift; sourceTree = "<absolute>"; };
		A10000000000000000000225 /* /tmp/HeartStateLabWorkspace/Sources/WatchApp/WellnessWatchApp.swift */ = {isa = PBXFileReference; lastKnownFileType = sourcecode.swift; path = /tmp/HeartStateLabWorkspace/Sources/WatchApp/WellnessWatchApp.swift; sourceTree = "<absolute>"; };
		A10000000000000000000226 /* /tmp/HeartStateLabWorkspace/Sources/WatchApp/WorkoutSessionManager.swift */ = {isa = PBXFileReference; lastKnownFileType = sourcecode.swift; path = /tmp/HeartStateLabWorkspace/Sources/WatchApp/WorkoutSessionManager.swift; sourceTree = "<absolute>"; };
		A10000000000000000000231 /* /tmp/HeartStateLabWorkspace/Config/iPhone/Info.plist */ = {isa = PBXFileReference; lastKnownFileType = text.plist.xml; path = /tmp/HeartStateLabWorkspace/Config/iPhone/Info.plist; sourceTree = "<absolute>"; };
		A10000000000000000000232 /* /tmp/HeartStateLabWorkspace/Config/iPhone/HeartStateLabPhone.entitlements */ = {isa = PBXFileReference; lastKnownFileType = text.plist.entitlements; path = /tmp/HeartStateLabWorkspace/Config/iPhone/HeartStateLabPhone.entitlements; sourceTree = "<absolute>"; };
		A10000000000000000000233 /* /tmp/HeartStateLabWorkspace/Config/Watch/Info.plist */ = {isa = PBXFileReference; lastKnownFileType = text.plist.xml; path = /tmp/HeartStateLabWorkspace/Config/Watch/Info.plist; sourceTree = "<absolute>"; };
		A10000000000000000000234 /* /tmp/HeartStateLabWorkspace/Config/Watch/HeartStateLabWatch.entitlements */ = {isa = PBXFileReference; lastKnownFileType = text.plist.entitlements; path = /tmp/HeartStateLabWorkspace/Config/Watch/HeartStateLabWatch.entitlements; sourceTree = "<absolute>"; };
		A10000000000000000000241 /* /tmp/HeartStateLabWorkspace/README.md */ = {isa = PBXFileReference; lastKnownFileType = net.daringfireball.markdown; path = /tmp/HeartStateLabWorkspace/README.md; sourceTree = "<absolute>"; };
		A10000000000000000000242 /* /tmp/HeartStateLabWorkspace/docs/FeasibilityAndArchitecture.md */ = {isa = PBXFileReference; lastKnownFileType = net.daringfireball.markdown; path = /tmp/HeartStateLabWorkspace/docs/FeasibilityAndArchitecture.md; sourceTree = "<absolute>"; };
		A10000000000000000000301 /* HeartStateLabPhone.app */ = {isa = PBXFileReference; explicitFileType = wrapper.application; includeInIndex = 0; path = HeartStateLabPhone.app; sourceTree = BUILT_PRODUCTS_DIR; };
		A10000000000000000000302 /* HeartStateLabWatch.app */ = {isa = PBXFileReference; explicitFileType = wrapper.application; includeInIndex = 0; path = HeartStateLabWatch.app; sourceTree = BUILT_PRODUCTS_DIR; };
/* End PBXFileReference section */

/* Begin PBXFrameworksBuildPhase section */
		A10000000000000000000601 /* Frameworks */ = {
			isa = PBXFrameworksBuildPhase;
			buildActionMask = 2147483647;
			files = (
			);
			runOnlyForDeploymentPostprocessing = 0;
		};
		A10000000000000000000602 /* Frameworks */ = {
			isa = PBXFrameworksBuildPhase;
			buildActionMask = 2147483647;
			files = (
			);
			runOnlyForDeploymentPostprocessing = 0;
		};
/* End PBXFrameworksBuildPhase section */

/* Begin PBXGroup section */
		A10000000000000000000701 = {
			isa = PBXGroup;
			children = (
				A10000000000000000000702 /* Sources */,
				A10000000000000000000703 /* Config */,
				A10000000000000000000704 /* docs */,
				A10000000000000000000241 /* /tmp/HeartStateLabWorkspace/README.md */,
				A10000000000000000000705 /* Products */,
			);
			sourceTree = "<group>";
		};
		A10000000000000000000702 /* Sources */ = {
			isa = PBXGroup;
			children = (
				A10000000000000000000706 /* Shared */,
				A10000000000000000000707 /* iPhoneApp */,
				A10000000000000000000708 /* WatchApp */,
			);
			path = Sources;
			sourceTree = SOURCE_ROOT;
		};
		A10000000000000000000703 /* Config */ = {
			isa = PBXGroup;
			children = (
				A10000000000000000000709 /* iPhone */,
				A1000000000000000000070A /* Watch */,
			);
			path = Config;
			sourceTree = SOURCE_ROOT;
		};
		A10000000000000000000704 /* docs */ = {
			isa = PBXGroup;
			children = (
				A10000000000000000000242 /* /tmp/HeartStateLabWorkspace/docs/FeasibilityAndArchitecture.md */,
			);
			path = docs;
			sourceTree = SOURCE_ROOT;
		};
		A10000000000000000000705 /* Products */ = {
			isa = PBXGroup;
			children = (
				A10000000000000000000301 /* HeartStateLabPhone.app */,
				A10000000000000000000302 /* HeartStateLabWatch.app */,
			);
			name = Products;
			sourceTree = "<group>";
		};
		A10000000000000000000706 /* Shared */ = {
			isa = PBXGroup;
			children = (
				A10000000000000000000201 /* /tmp/HeartStateLabWorkspace/Sources/Shared/HeartSignalModels.swift */,
				A10000000000000000000202 /* /tmp/HeartStateLabWorkspace/Sources/Shared/SessionMetrics.swift */,
				A10000000000000000000203 /* /tmp/HeartStateLabWorkspace/Sources/Shared/SlidingHeartWindow.swift */,
				A10000000000000000000204 /* /tmp/HeartStateLabWorkspace/Sources/Shared/StateEstimator.swift */,
			);
			path = Shared;
			sourceTree = "<group>";
		};
		A10000000000000000000707 /* iPhoneApp */ = {
			isa = PBXGroup;
			children = (
				A10000000000000000000211 /* /tmp/HeartStateLabWorkspace/Sources/iPhoneApp/WellnessPhoneApp.swift */,
				A10000000000000000000212 /* /tmp/HeartStateLabWorkspace/Sources/iPhoneApp/HistoryStore.swift */,
				A10000000000000000000213 /* /tmp/HeartStateLabWorkspace/Sources/iPhoneApp/HistoryView.swift */,
				A10000000000000000000214 /* /tmp/HeartStateLabWorkspace/Sources/iPhoneApp/SessionDetailView.swift */,
			);
			path = iPhoneApp;
			sourceTree = "<group>";
		};
		A10000000000000000000708 /* WatchApp */ = {
			isa = PBXGroup;
			children = (
				A10000000000000000000221 /* /tmp/HeartStateLabWorkspace/Sources/WatchApp/ConnectivityBridge.swift */,
				A10000000000000000000222 /* /tmp/HeartStateLabWorkspace/Sources/WatchApp/MotionSignalProvider.swift */,
				A10000000000000000000223 /* /tmp/HeartStateLabWorkspace/Sources/WatchApp/SessionLogStore.swift */,
				A10000000000000000000224 /* /tmp/HeartStateLabWorkspace/Sources/WatchApp/WatchRootView.swift */,
				A10000000000000000000225 /* /tmp/HeartStateLabWorkspace/Sources/WatchApp/WellnessWatchApp.swift */,
				A10000000000000000000226 /* /tmp/HeartStateLabWorkspace/Sources/WatchApp/WorkoutSessionManager.swift */,
			);
			path = WatchApp;
			sourceTree = "<group>";
		};
		A10000000000000000000709 /* iPhone */ = {
			isa = PBXGroup;
			children = (
				A10000000000000000000231 /* /tmp/HeartStateLabWorkspace/Config/iPhone/Info.plist */,
				A10000000000000000000232 /* /tmp/HeartStateLabWorkspace/Config/iPhone/HeartStateLabPhone.entitlements */,
			);
			path = iPhone;
			sourceTree = "<group>";
		};
		A1000000000000000000070A /* Watch */ = {
			isa = PBXGroup;
			children = (
				A10000000000000000000233 /* /tmp/HeartStateLabWorkspace/Config/Watch/Info.plist */,
				A10000000000000000000234 /* /tmp/HeartStateLabWorkspace/Config/Watch/HeartStateLabWatch.entitlements */,
			);
			path = Watch;
			sourceTree = "<group>";
		};
/* End PBXGroup section */

/* Begin PBXNativeTarget section */
		A10000000000000000000001 /* HeartStateLabPhone */ = {
			isa = PBXNativeTarget;
			buildConfigurationList = A10000000000000000000801 /* Build configuration list for PBXNativeTarget "HeartStateLabPhone" */;
			buildPhases = (
				A10000000000000000000901 /* Sources */,
				A10000000000000000000601 /* Frameworks */,
				A10000000000000000000A01 /* Resources */,
			);
			buildRules = (
			);
			dependencies = (
			);
			name = HeartStateLabPhone;
			productName = HeartStateLabPhone;
			productReference = A10000000000000000000301 /* HeartStateLabPhone.app */;
			productType = "com.apple.product-type.application";
		};
		A10000000000000000000002 /* HeartStateLabWatch */ = {
			isa = PBXNativeTarget;
			buildConfigurationList = A10000000000000000000802 /* Build configuration list for PBXNativeTarget "HeartStateLabWatch" */;
			buildPhases = (
				A10000000000000000000902 /* Sources */,
				A10000000000000000000602 /* Frameworks */,
				A10000000000000000000A02 /* Resources */,
			);
			buildRules = (
			);
			dependencies = (
			);
			name = HeartStateLabWatch;
			productName = HeartStateLabWatch;
			productReference = A10000000000000000000302 /* HeartStateLabWatch.app */;
			productType = "com.apple.product-type.application";
		};
/* End PBXNativeTarget section */

/* Begin PBXProject section */
		A10000000000000000000F00 /* Project object */ = {
			isa = PBXProject;
			attributes = {
				BuildIndependentTargetsInParallel = 1;
				LastSwiftUpdateCheck = 2640;
				LastUpgradeCheck = 2640;
				TargetAttributes = {
					A10000000000000000000001 = {
						CreatedOnToolsVersion = 26.4;
					};
					A10000000000000000000002 = {
						CreatedOnToolsVersion = 26.4;
					};
				};
			};
			buildConfigurationList = A10000000000000000000800 /* Build configuration list for PBXProject "HeartStateLab" */;
			compatibilityVersion = "Xcode 15.0";
			developmentRegion = en;
			hasScannedForEncodings = 0;
			knownRegions = (
				en,
				Base,
			);
			mainGroup = A10000000000000000000701;
			productRefGroup = A10000000000000000000705 /* Products */;
			projectDirPath = "";
			projectRoot = "";
			targets = (
				A10000000000000000000001 /* HeartStateLabPhone */,
				A10000000000000000000002 /* HeartStateLabWatch */,
			);
		};
/* End PBXProject section */

/* Begin PBXResourcesBuildPhase section */
		A10000000000000000000A01 /* Resources */ = {
			isa = PBXResourcesBuildPhase;
			buildActionMask = 2147483647;
			files = (
			);
			runOnlyForDeploymentPostprocessing = 0;
		};
		A10000000000000000000A02 /* Resources */ = {
			isa = PBXResourcesBuildPhase;
			buildActionMask = 2147483647;
			files = (
			);
			runOnlyForDeploymentPostprocessing = 0;
		};
/* End PBXResourcesBuildPhase section */

/* Begin PBXSourcesBuildPhase section */
		A10000000000000000000901 /* Sources */ = {
			isa = PBXSourcesBuildPhase;
			buildActionMask = 2147483647;
			files = (
				A10000000000000000000101 /* /tmp/HeartStateLabWorkspace/Sources/Shared/HeartSignalModels.swift in Sources */,
				A10000000000000000000102 /* /tmp/HeartStateLabWorkspace/Sources/Shared/SessionMetrics.swift in Sources */,
				A10000000000000000000103 /* /tmp/HeartStateLabWorkspace/Sources/Shared/SlidingHeartWindow.swift in Sources */,
				A10000000000000000000104 /* /tmp/HeartStateLabWorkspace/Sources/Shared/StateEstimator.swift in Sources */,
				A10000000000000000000105 /* /tmp/HeartStateLabWorkspace/Sources/iPhoneApp/WellnessPhoneApp.swift in Sources */,
				A10000000000000000000106 /* /tmp/HeartStateLabWorkspace/Sources/iPhoneApp/HistoryStore.swift in Sources */,
				A10000000000000000000107 /* /tmp/HeartStateLabWorkspace/Sources/iPhoneApp/HistoryView.swift in Sources */,
				A10000000000000000000108 /* /tmp/HeartStateLabWorkspace/Sources/iPhoneApp/SessionDetailView.swift in Sources */,
			);
			runOnlyForDeploymentPostprocessing = 0;
		};
		A10000000000000000000902 /* Sources */ = {
			isa = PBXSourcesBuildPhase;
			buildActionMask = 2147483647;
			files = (
				A10000000000000000000109 /* /tmp/HeartStateLabWorkspace/Sources/Shared/HeartSignalModels.swift in Sources */,
				A1000000000000000000010A /* /tmp/HeartStateLabWorkspace/Sources/Shared/SessionMetrics.swift in Sources */,
				A1000000000000000000010B /* /tmp/HeartStateLabWorkspace/Sources/Shared/SlidingHeartWindow.swift in Sources */,
				A1000000000000000000010C /* /tmp/HeartStateLabWorkspace/Sources/Shared/StateEstimator.swift in Sources */,
				A1000000000000000000010D /* /tmp/HeartStateLabWorkspace/Sources/WatchApp/ConnectivityBridge.swift in Sources */,
				A1000000000000000000010E /* /tmp/HeartStateLabWorkspace/Sources/WatchApp/MotionSignalProvider.swift in Sources */,
				A1000000000000000000010F /* /tmp/HeartStateLabWorkspace/Sources/WatchApp/SessionLogStore.swift in Sources */,
				A10000000000000000000110 /* /tmp/HeartStateLabWorkspace/Sources/WatchApp/WatchRootView.swift in Sources */,
				A10000000000000000000111 /* /tmp/HeartStateLabWorkspace/Sources/WatchApp/WellnessWatchApp.swift in Sources */,
				A10000000000000000000112 /* /tmp/HeartStateLabWorkspace/Sources/WatchApp/WorkoutSessionManager.swift in Sources */,
			);
			runOnlyForDeploymentPostprocessing = 0;
		};
/* End PBXSourcesBuildPhase section */

/* Begin XCBuildConfiguration section */
		A10000000000000000000C00 /* Debug */ = {
			isa = XCBuildConfiguration;
			buildSettings = {
				ALWAYS_SEARCH_USER_PATHS = NO;
				CLANG_ENABLE_MODULES = YES;
				CODE_SIGN_STYLE = Automatic;
				CURRENT_PROJECT_VERSION = 1;
				DEVELOPMENT_TEAM = "";
				ENABLE_PREVIEWS = YES;
				GENERATE_INFOPLIST_FILE = NO;
				MARKETING_VERSION = 1.0;
				PRODUCT_NAME = "$(TARGET_NAME)";
				SWIFT_VERSION = 5.0;
			};
			name = Debug;
		};
		A10000000000000000000C01 /* Release */ = {
			isa = XCBuildConfiguration;
			buildSettings = {
				ALWAYS_SEARCH_USER_PATHS = NO;
				CLANG_ENABLE_MODULES = YES;
				CODE_SIGN_STYLE = Automatic;
				CURRENT_PROJECT_VERSION = 1;
				DEVELOPMENT_TEAM = "";
				ENABLE_PREVIEWS = YES;
				GENERATE_INFOPLIST_FILE = NO;
				MARKETING_VERSION = 1.0;
				PRODUCT_NAME = "$(TARGET_NAME)";
				SWIFT_VERSION = 5.0;
			};
			name = Release;
		};
		A10000000000000000000C10 /* Debug */ = {
			isa = XCBuildConfiguration;
			buildSettings = {
				ASSETCATALOG_COMPILER_APPICON_NAME = "";
				CODE_SIGN_ENTITLEMENTS = Config/iPhone/HeartStateLabPhone.entitlements;
				CODE_SIGN_STYLE = Automatic;
				DEVELOPMENT_TEAM = X8YW3A4U4B;
				GENERATE_INFOPLIST_FILE = NO;
				INFOPLIST_FILE = Config/iPhone/Info.plist;
				IPHONEOS_DEPLOYMENT_TARGET = 18.0;
				LD_RUNPATH_SEARCH_PATHS = (
					"$(inherited)",
					"@executable_path/Frameworks",
				);
				PRODUCT_BUNDLE_IDENTIFIER = com.mahiro.heartstatelab;
				PRODUCT_NAME = "$(TARGET_NAME)";
				SDKROOT = iphoneos;
				SUPPORTED_PLATFORMS = "iphoneos iphonesimulator";
				SWIFT_EMIT_LOC_STRINGS = YES;
				SWIFT_VERSION = 5.0;
				TARGETED_DEVICE_FAMILY = "1,2";
			};
			name = Debug;
		};
		A10000000000000000000C11 /* Release */ = {
			isa = XCBuildConfiguration;
			buildSettings = {
				ASSETCATALOG_COMPILER_APPICON_NAME = "";
				CODE_SIGN_ENTITLEMENTS = Config/iPhone/HeartStateLabPhone.entitlements;
				CODE_SIGN_STYLE = Automatic;
				DEVELOPMENT_TEAM = X8YW3A4U4B;
				GENERATE_INFOPLIST_FILE = NO;
				INFOPLIST_FILE = Config/iPhone/Info.plist;
				IPHONEOS_DEPLOYMENT_TARGET = 18.0;
				LD_RUNPATH_SEARCH_PATHS = (
					"$(inherited)",
					"@executable_path/Frameworks",
				);
				PRODUCT_BUNDLE_IDENTIFIER = com.mahiro.heartstatelab;
				PRODUCT_NAME = "$(TARGET_NAME)";
				SDKROOT = iphoneos;
				SUPPORTED_PLATFORMS = "iphoneos iphonesimulator";
				SWIFT_EMIT_LOC_STRINGS = YES;
				SWIFT_VERSION = 5.0;
				TARGETED_DEVICE_FAMILY = "1,2";
			};
			name = Release;
		};
		A10000000000000000000C20 /* Debug */ = {
			isa = XCBuildConfiguration;
			buildSettings = {
				ASSETCATALOG_COMPILER_APPICON_NAME = "";
				CODE_SIGN_ENTITLEMENTS = Config/Watch/HeartStateLabWatch.entitlements;
				CODE_SIGN_STYLE = Automatic;
				DEVELOPMENT_TEAM = X8YW3A4U4B;
				GENERATE_INFOPLIST_FILE = NO;
				INFOPLIST_FILE = Config/Watch/Info.plist;
				LD_RUNPATH_SEARCH_PATHS = (
					"$(inherited)",
					"@executable_path/Frameworks",
				);
				PRODUCT_BUNDLE_IDENTIFIER = com.mahiro.heartstatelab.watch;
				PRODUCT_NAME = "$(TARGET_NAME)";
				SDKROOT = watchos;
				SKIP_INSTALL = YES;
				SUPPORTED_PLATFORMS = "watchos watchsimulator";
				SWIFT_EMIT_LOC_STRINGS = YES;
				SWIFT_VERSION = 5.0;
				TARGETED_DEVICE_FAMILY = 4;
				WATCHOS_DEPLOYMENT_TARGET = 26.0;
			};
			name = Debug;
		};
		A10000000000000000000C21 /* Release */ = {
			isa = XCBuildConfiguration;
			buildSettings = {
				ASSETCATALOG_COMPILER_APPICON_NAME = "";
				CODE_SIGN_ENTITLEMENTS = Config/Watch/HeartStateLabWatch.entitlements;
				CODE_SIGN_STYLE = Automatic;
				DEVELOPMENT_TEAM = X8YW3A4U4B;
				GENERATE_INFOPLIST_FILE = NO;
				INFOPLIST_FILE = Config/Watch/Info.plist;
				LD_RUNPATH_SEARCH_PATHS = (
					"$(inherited)",
					"@executable_path/Frameworks",
				);
				PRODUCT_BUNDLE_IDENTIFIER = com.mahiro.heartstatelab.watch;
				PRODUCT_NAME = "$(TARGET_NAME)";
				SDKROOT = watchos;
				SKIP_INSTALL = YES;
				SUPPORTED_PLATFORMS = "watchos watchsimulator";
				SWIFT_EMIT_LOC_STRINGS = YES;
				SWIFT_VERSION = 5.0;
				TARGETED_DEVICE_FAMILY = 4;
				WATCHOS_DEPLOYMENT_TARGET = 26.0;
			};
			name = Release;
		};
/* End XCBuildConfiguration section */

/* Begin XCConfigurationList section */
		A10000000000000000000800 /* Build configuration list for PBXProject "HeartStateLab" */ = {
			isa = XCConfigurationList;
			buildConfigurations = (
				A10000000000000000000C00 /* Debug */,
				A10000000000000000000C01 /* Release */,
			);
			defaultConfigurationIsVisible = 0;
			defaultConfigurationName = Release;
		};
		A10000000000000000000801 /* Build configuration list for PBXNativeTarget "HeartStateLabPhone" */ = {
			isa = XCConfigurationList;
			buildConfigurations = (
				A10000000000000000000C10 /* Debug */,
				A10000000000000000000C11 /* Release */,
			);
			defaultConfigurationIsVisible = 0;
			defaultConfigurationName = Release;
		};
		A10000000000000000000802 /* Build configuration list for PBXNativeTarget "HeartStateLabWatch" */ = {
			isa = XCConfigurationList;
			buildConfigurations = (
				A10000000000000000000C20 /* Debug */,
				A10000000000000000000C21 /* Release */,
			);
			defaultConfigurationIsVisible = 0;
			defaultConfigurationName = Release;
		};
/* End XCConfigurationList section */
	};
	rootObject = A10000000000000000000F00 /* Project object */;
}
